
Microsoft Visual Studio Solution File, Format Version 12.00
# Visual Studio 15
VisualStudioVersion = 15.0.26430.12
MinimumVisualStudioVersion = 10.0.40219.1
Project("{2150E333-8FDC-42A3-9474-1A3956D46DE8}") = "src", "src", "{2FE680E8-878C-4FF3-80FC-4241411518C6}"
EndProject
Project("{9A19103F-16F7-4668-BE54-9A1E7A4F7556}") = "WebApplication", "src\WebApplication\WebApplication.csproj", "{73D1DF82-3328-4862-9B50-65A7B13589F2}"
EndProject
Project("{9A19103F-16F7-4668-BE54-9A1E7A4F7556}") = "Barebone", "src\Barebone\Barebone.csproj", "{1F9BA08C-6AB4-43BA-95D1-48F73D8371D8}"
EndProject
Project("{9A19103F-16F7-4668-BE54-9A1E7A4F7556}") = "Incomes", "src\Incomes\Incomes.csproj", "{A0DCD8BA-F8C0-454A-B081-0EF2BCE9ACFB}"
EndProject
Project("{9A19103F-16F7-4668-BE54-9A1E7A4F7556}") = "Expenses", "src\Expenses\Expenses.csproj", "{606F93CF-C9B9-4FA0-B6E2-9686DED5C2EF}"
EndProject
Project("{9A19103F-16F7-4668-BE54-9A1E7A4F7556}") = "Balance", "src\Balance\Balance.csproj", "{06FC0154-C82D-404D-8C71-C965208E3295}"
EndProject
Project("{9A19103F-16F7-4668-BE54-9A1E7A4F7556}") = "Infrastructure", "src\Infrastructure\Infrastructure.csproj", "{6C1247D5-DEBD-4DC2-AE1A-A04616A1E9E4}"
EndProject
Project("{9A19103F-16F7-4668-BE54-9A1E7A4F7556}") = "Expenses.Data.Abstractions", "src\Expenses.Data.Abstractions\Expenses.Data.Abstractions.csproj", "{D774549E-4375-4F11-B0CE-72AEBCDF46F2}"
EndProject
Project("{9A19103F-16F7-4668-BE54-9A1E7A4F7556}") = "Expenses.Data.EntityFramework.Sqlite", "src\Expenses.Data.EntityFramework.Sqlite\Expenses.Data.EntityFramework.Sqlite.csproj", "{434BD43E-72F9-4502-AF86-F3875AEE5D79}"
EndProject
Project("{9A19103F-16F7-4668-BE54-9A1E7A4F7556}") = "Expenses.Data.Models", "src\Expenses.Data.Models\Expenses.Data.Models.csproj", "{00D45B51-C01F-4113-B9CE-B2FE02BDB15F}"
EndProject
Project("{9A19103F-16F7-4668-BE54-9A1E7A4F7556}") = "Incomes.Data.Abstractions", "src\Incomes.Data.Abstractions\Incomes.Data.Abstractions.csproj", "{44DAA191-BDE7-434C-82CE-4BBB4F1CA249}"
EndProject
Project("{9A19103F-16F7-4668-BE54-9A1E7A4F7556}") = "Incomes.Data.EntityFramework.Sqlite", "src\Incomes.Data.EntityFramework.Sqlite\Incomes.Data.EntityFramework.Sqlite.csproj", "{B9AFD197-EC71-4FA5-95F1-9403825ACF58}"
EndProject
Project("{9A19103F-16F7-4668-BE54-9A1E7A4F7556}") = "Incomes.Data.Models", "src\Incomes.Data.Models\Incomes.Data.Models.csproj", "{A25198EA-9157-4E8A-865A-153362DE563F}"
EndProject
Project("{2150E333-8FDC-42A3-9474-1A3956D46DE8}") = "Balance Extension", "Balance Extension", "{ECB13FB1-AE61-4335-9A6D-1388BA7D6FD3}"
EndProject
Project("{2150E333-8FDC-42A3-9474-1A3956D46DE8}") = "Barebone Extension", "Barebone Extension", "{DF3C0EAE-3AF8-4F27-AE1C-4C8527F30F0B}"
EndProject
Project("{2150E333-8FDC-42A3-9474-1A3956D46DE8}") = "Expenses Extension", "Expenses Extension", "{618D4AA9-3564-4E84-A966-E28161848F23}"
EndProject
Project("{2150E333-8FDC-42A3-9474-1A3956D46DE8}") = "Incomes Extension", "Incomes Extension", "{B1601E21-8E3F-4A08-8C44-4E0771EF0FF6}"
EndProject
Global
	GlobalSection(SolutionConfigurationPlatforms) = preSolution
		Debug|Any CPU = Debug|Any CPU
		Release|Any CPU = Release|Any CPU
	EndGlobalSection
	GlobalSection(ProjectConfigurationPlatforms) = postSolution
		{73D1DF82-3328-4862-9B50-65A7B13589F2}.Debug|Any CPU.ActiveCfg = Debug|Any CPU
		{73D1DF82-3328-4862-9B50-65A7B13589F2}.Debug|Any CPU.Build.0 = Debug|Any CPU
		{73D1DF82-3328-4862-9B50-65A7B13589F2}.Release|Any CPU.ActiveCfg = Release|Any CPU
		{73D1DF82-3328-4862-9B50-65A7B13589F2}.Release|Any CPU.Build.0 = Release|Any CPU
		{1F9BA08C-6AB4-43BA-95D1-48F73D8371D8}.Debug|Any CPU.ActiveCfg = Debug|Any CPU
		{1F9BA08C-6AB4-43BA-95D1-48F73D8371D8}.Debug|Any CPU.Build.0 = Debug|Any CPU
		{1F9BA08C-6AB4-43BA-95D1-48F73D8371D8}.Release|Any CPU.ActiveCfg = Release|Any CPU
		{1F9BA08C-6AB4-43BA-95D1-48F73D8371D8}.Release|Any CPU.Build.0 = Release|Any CPU
		{A0DCD8BA-F8C0-454A-B081-0EF2BCE9ACFB}.Debug|Any CPU.ActiveCfg = Debug|Any CPU
		{A0DCD8BA-F8C0-454A-B081-0EF2BCE9ACFB}.Debug|Any CPU.Build.0 = Debug|Any CPU
		{A0DCD8BA-F8C0-454A-B081-0EF2BCE9ACFB}.Release|Any CPU.ActiveCfg = Release|Any CPU
		{A0DCD8BA-F8C0-454A-B081-0EF2BCE9ACFB}.Release|Any CPU.Build.0 = Release|Any CPU
		{606F93CF-C9B9-4FA0-B6E2-9686DED5C2EF}.Debug|Any CPU.ActiveCfg = Debug|Any CPU
		{606F93CF-C9B9-4FA0-B6E2-9686DED5C2EF}.Debug|Any CPU.Build.0 = Debug|Any CPU
		{606F93CF-C9B9-4FA0-B6E2-9686DED5C2EF}.Release|Any CPU.ActiveCfg = Release|Any CPU
		{606F93CF-C9B9-4FA0-B6E2-9686DED5C2EF}.Release|Any CPU.Build.0 = Release|Any CPU
		{06FC0154-C82D-404D-8C71-C965208E3295}.Debug|Any CPU.ActiveCfg = Debug|Any CPU
		{06FC0154-C82D-404D-8C71-C965208E3295}.Debug|Any CPU.Build.0 = Debug|Any CPU
		{06FC0154-C82D-404D-8C71-C965208E3295}.Release|Any CPU.ActiveCfg = Release|Any CPU
		{06FC0154-C82D-404D-8C71-C965208E3295}.Release|Any CPU.Build.0 = Release|Any CPU
		{6C1247D5-DEBD-4DC2-AE1A-A04616A1E9E4}.Debug|Any CPU.ActiveCfg = Debug|Any CPU
		{6C1247D5-DEBD-4DC2-AE1A-A04616A1E9E4}.Debug|Any CPU.Build.0 = Debug|Any CPU
		{6C1247D5-DEBD-4DC2-AE1A-A04616A1E9E4}.Release|Any CPU.ActiveCfg = Release|Any CPU
		{6C1247D5-DEBD-4DC2-AE1A-A04616A1E9E4}.Release|Any CPU.Build.0 = Release|Any CPU
		{D774549E-4375-4F11-B0CE-72AEBCDF46F2}.Debug|Any CPU.ActiveCfg = Debug|Any CPU
		{D774549E-4375-4F11-B0CE-72AEBCDF46F2}.Debug|Any CPU.Build.0 = Debug|Any CPU
		{D774549E-4375-4F11-B0CE-72AEBCDF46F2}.Release|Any CPU.ActiveCfg = Release|Any CPU
		{D774549E-4375-4F11-B0CE-72AEBCDF46F2}.Release|Any CPU.Build.0 = Release|Any CPU
		{434BD43E-72F9-4502-AF86-F3875AEE5D79}.Debug|Any CPU.ActiveCfg = Debug|Any CPU
		{434BD43E-72F9-4502-AF86-F3875AEE5D79}.Debug|Any CPU.Build.0 = Debug|Any CPU
		{434BD43E-72F9-4502-AF86-F3875AEE5D79}.Release|Any CPU.ActiveCfg = Release|Any CPU
		{434BD43E-72F9-4502-AF86-F3875AEE5D79}.Release|Any CPU.Build.0 = Release|Any CPU
		{00D45B51-C01F-4113-B9CE-B2FE02BDB15F}.Debug|Any CPU.ActiveCfg = Debug|Any CPU
		{00D45B51-C01F-4113-B9CE-B2FE02BDB15F}.Debug|Any CPU.Build.0 = Debug|Any CPU
		{00D45B51-C01F-4113-B9CE-B2FE02BDB15F}.Release|Any CPU.ActiveCfg = Release|Any CPU
		{00D45B51-C01F-4113-B9CE-B2FE02BDB15F}.Release|Any CPU.Build.0 = Release|Any CPU
		{44DAA191-BDE7-434C-82CE-4BBB4F1CA249}.Debug|Any CPU.ActiveCfg = Debug|Any CPU
		{44DAA191-BDE7-434C-82CE-4BBB4F1CA249}.Debug|Any CPU.Build.0 = Debug|Any CPU
		{44DAA191-BDE7-434C-82CE-4BBB4F1CA249}.Release|Any CPU.ActiveCfg = Release|Any CPU
		{44DAA191-BDE7-434C-82CE-4BBB4F1CA249}.Release|Any CPU.Build.0 = Release|Any CPU
		{B9AFD197-EC71-4FA5-95F1-9403825ACF58}.Debug|Any CPU.ActiveCfg = Debug|Any CPU
		{B9AFD197-EC71-4FA5-95F1-9403825ACF58}.Debug|Any CPU.Build.0 = Debug|Any CPU
		{B9AFD197-EC71-4FA5-95F1-9403825ACF58}.Release|Any CPU.ActiveCfg = Release|Any CPU
		{B9AFD197-EC71-4FA5-95F1-9403825ACF58}.Release|Any CPU.Build.0 = Release|Any CPU
		{A25198EA-9157-4E8A-865A-153362DE563F}.Debug|Any CPU.ActiveCfg = Debug|Any CPU
		{A25198EA-9157-4E8A-865A-153362DE563F}.Debug|Any CPU.Build.0 = Debug|Any CPU
		{A25198EA-9157-4E8A-865A-153362DE563F}.Release|Any CPU.ActiveCfg = Release|Any CPU
		{A25198EA-9157-4E8A-865A-153362DE563F}.Release|Any CPU.Build.0 = Release|Any CPU
	EndGlobalSection
	GlobalSection(SolutionProperties) = preSolution
		HideSolutionNode = FALSE
	EndGlobalSection
	GlobalSection(NestedProjects) = preSolution
		{73D1DF82-3328-4862-9B50-65A7B13589F2} = {2FE680E8-878C-4FF3-80FC-4241411518C6}
		{1F9BA08C-6AB4-43BA-95D1-48F73D8371D8} = {DF3C0EAE-3AF8-4F27-AE1C-4C8527F30F0B}
		{A0DCD8BA-F8C0-454A-B081-0EF2BCE9ACFB} = {B1601E21-8E3F-4A08-8C44-4E0771EF0FF6}
		{606F93CF-C9B9-4FA0-B6E2-9686DED5C2EF} = {618D4AA9-3564-4E84-A966-E28161848F23}
		{06FC0154-C82D-404D-8C71-C965208E3295} = {ECB13FB1-AE61-4335-9A6D-1388BA7D6FD3}
		{6C1247D5-DEBD-4DC2-AE1A-A04616A1E9E4} = {2FE680E8-878C-4FF3-80FC-4241411518C6}
		{D774549E-4375-4F11-B0CE-72AEBCDF46F2} = {618D4AA9-3564-4E84-A966-E28161848F23}
		{434BD43E-72F9-4502-AF86-F3875AEE5D79} = {618D4AA9-3564-4E84-A966-E28161848F23}
		{00D45B51-C01F-4113-B9CE-B2FE02BDB15F} = {618D4AA9-3564-4E84-A966-E28161848F23}
		{44DAA191-BDE7-434C-82CE-4BBB4F1CA249} = {B1601E21-8E3F-4A08-8C44-4E0771EF0FF6}
		{B9AFD197-EC71-4FA5-95F1-9403825ACF58} = {B1601E21-8E3F-4A08-8C44-4E0771EF0FF6}
		{A25198EA-9157-4E8A-865A-153362DE563F} = {B1601E21-8E3F-4A08-8C44-4E0771EF0FF6}
		{ECB13FB1-AE61-4335-9A6D-1388BA7D6FD3} = {2FE680E8-878C-4FF3-80FC-4241411518C6}
		{DF3C0EAE-3AF8-4F27-AE1C-4C8527F30F0B} = {2FE680E8-878C-4FF3-80FC-4241411518C6}
		{618D4AA9-3564-4E84-A966-E28161848F23} = {2FE680E8-878C-4FF3-80FC-4241411518C6}
		{B1601E21-8E3F-4A08-8C44-4E0771EF0FF6} = {2FE680E8-878C-4FF3-80FC-4241411518C6}
	EndGlobalSection
EndGlobal
